
Microsoft Visual Studio Solution File, Format Version 12.00
# Visual Studio Version 17
VisualStudioVersion = 17.0.31903.59
MinimumVisualStudioVersion = 10.0.40219.1
Project("{FAE04EC0-301F-11D3-BF4B-00C04F79EFBC}") = "CalculatorApp", "CalculatorApp\CalculatorApp.csproj", "{9AA024B6-A8AF-412A-B2BD-48F4E8F82F4B}"
EndProject
Project("{FAE04EC0-301F-11D3-BF4B-00C04F79EFBC}") = "CalculatorApp.Tests", "CalculatorApp.Tests\CalculatorApp.Tests.csproj", "{A27EDCBB-D24F-4E52-BB72-2C1C43B48ADC}"
EndProject
Global
	GlobalSection(SolutionConfigurationPlatforms) = preSolution
		Debug|Any CPU = Debug|Any CPU
		Release|Any CPU = Release|Any CPU
	EndGlobalSection
	GlobalSection(SolutionProperties) = preSolution
		HideSolutionNode = FALSE
	EndGlobalSection
	GlobalSection(ProjectConfigurationPlatforms) = postSolution
		{9AA024B6-A8AF-412A-B2BD-48F4E8F82F4B}.Debug|Any CPU.ActiveCfg = Debug|Any CPU
		{9AA024B6-A8AF-412A-B2BD-48F4E8F82F4B}.Debug|Any CPU.Build.0 = Debug|Any CPU
		{9AA024B6-A8AF-412A-B2BD-48F4E8F82F4B}.Release|Any CPU.ActiveCfg = Release|Any CPU
		{9AA024B6-A8AF-412A-B2BD-48F4E8F82F4B}.Release|Any CPU.Build.0 = Release|Any CPU
		{A27EDCBB-D24F-4E52-BB72-2C1C43B48ADC}.Debug|Any CPU.ActiveCfg = Debug|Any CPU
		{A27EDCBB-D24F-4E52-BB72-2C1C43B48ADC}.Debug|Any CPU.Build.0 = Debug|Any CPU
		{A27EDCBB-D24F-4E52-BB72-2C1C43B48ADC}.Release|Any CPU.ActiveCfg = Release|Any CPU
		{A27EDCBB-D24F-4E52-BB72-2C1C43B48ADC}.Release|Any CPU.Build.0 = Release|Any CPU
	EndGlobalSection
EndGlobal
